{
  "name": "@gamesim/api-contract",
  "version": "1.0.0",
  "lockfileVersion": 3,
  "requires": true,
  "packages": {
    "": {
      "name": "@gamesim/api-contract",
      "version": "1.0.0",
      "dependencies": {
        "@gamesim/finlit-engine": "file:../finlit-engine"
      },
      "devDependencies": {
        "typescript": "^5.8.3"
      }
    },
    "../finlit-engine": {
      "name": "@gamesim/finlit-engine",
      "version": "1.0.0",
      "devDependencies": {
        "typescript": "^5.8.3"
      }
    },
    "node_modules/@gamesim/finlit-engine": {
      "resolved": "../finlit-engine",
      "link": true
    },
    "node_modules/typescript": {
      "version": "5.9.3",
      "resolved": "https://registry.npmjs.org/typescript/-/typescript-5.9.3.tgz",
      "integrity": "sha512-jl1vZzPDinLr9eUt3J/t7V6FgNEw9QjvBPdysz9KfQDD41fQrC2Y4vKQdiaUpFT4bXlb1RHhLpp8wtm6M5TgSw==",
      "dev": true,
      "license": "Apache-2.0",
      "bin": {
        "tsc": "bin/tsc",
        "tsserver": "bin/tsserver"
      },
      "engines": {
        "node": ">=14.17"
      }
    }
  }
}
